
Microsoft Visual Studio Solution File, Format Version 12.00
# Visual Studio 14
VisualStudioVersion = 14.0.23107.0
MinimumVisualStudioVersion = 10.0.40219.1
Project("{D954291E-2A0B-460D-934E-DC6B0785DB48}") = "Calculator", "Calculator\Calculator\Calculator.shproj", "{AFD8631B-EE95-479F-B468-7C516B0CBC7B}"
EndProject
Project("{FAE04EC0-301F-11D3-BF4B-00C04F79EFBC}") = "Calculator.WinPhone", "Calculator\Calculator.WinPhone\Calculator.WinPhone.csproj", "{3FB04D0C-D2BC-49FF-BAE3-E5C92BCD67EB}"
EndProject
Project("{FAE04EC0-301F-11D3-BF4B-00C04F79EFBC}") = "Calculator.iOS", "Calculator\Calculator.iOS\Calculator.iOS.csproj", "{0B231CC2-6D17-41D0-BB55-D9578D9482EB}"
EndProject
Project("{FAE04EC0-301F-11D3-BF4B-00C04F79EFBC}") = "Calculator.Droid", "Calculator\Calculator.Droid\Calculator.Droid.csproj", "{35F968BE-9BDA-4F59-9AA6-6752BB976A22}"
EndProject
Global
	GlobalSection(SharedMSBuildProjectFiles) = preSolution
		Calculator\Calculator\Calculator.projitems*{0b231cc2-6d17-41d0-bb55-d9578d9482eb}*SharedItemsImports = 4
		Calculator\Calculator\Calculator.projitems*{35f968be-9bda-4f59-9aa6-6752bb976a22}*SharedItemsImports = 4
		Calculator\Calculator\Calculator.projitems*{3fb04d0c-d2bc-49ff-bae3-e5c92bcd67eb}*SharedItemsImports = 4
		Calculator\Calculator\Calculator.projitems*{afd8631b-ee95-479f-b468-7c516b0cbc7b}*SharedItemsImports = 13
	EndGlobalSection
	GlobalSection(SolutionConfigurationPlatforms) = preSolution
		Ad-Hoc|Any CPU = Ad-Hoc|Any CPU
		Ad-Hoc|ARM = Ad-Hoc|ARM
		Ad-Hoc|iPhone = Ad-Hoc|iPhone
		Ad-Hoc|iPhoneSimulator = Ad-Hoc|iPhoneSimulator
		Ad-Hoc|x86 = Ad-Hoc|x86
		AppStore|Any CPU = AppStore|Any CPU
		AppStore|ARM = AppStore|ARM
		AppStore|iPhone = AppStore|iPhone
		AppStore|iPhoneSimulator = AppStore|iPhoneSimulator
		AppStore|x86 = AppStore|x86
		Debug|Any CPU = Debug|Any CPU
		Debug|ARM = Debug|ARM
		Debug|iPhone = Debug|iPhone
		Debug|iPhoneSimulator = Debug|iPhoneSimulator
		Debug|x86 = Debug|x86
		Release|Any CPU = Release|Any CPU
		Release|ARM = Release|ARM
		Release|iPhone = Release|iPhone
		Release|iPhoneSimulator = Release|iPhoneSimulator
		Release|x86 = Release|x86
	EndGlobalSection
	GlobalSection(ProjectConfigurationPlatforms) = postSolution
		{3FB04D0C-D2BC-49FF-BAE3-E5C92BCD67EB}.Ad-Hoc|Any CPU.ActiveCfg = Release|Any CPU
		{3FB04D0C-D2BC-49FF-BAE3-E5C92BCD67EB}.Ad-Hoc|Any CPU.Build.0 = Release|Any CPU
		{3FB04D0C-D2BC-49FF-BAE3-E5C92BCD67EB}.Ad-Hoc|Any CPU.Deploy.0 = Release|Any CPU
		{3FB04D0C-D2BC-49FF-BAE3-E5C92BCD67EB}.Ad-Hoc|ARM.ActiveCfg = Release|ARM
		{3FB04D0C-D2BC-49FF-BAE3-E5C92BCD67EB}.Ad-Hoc|ARM.Build.0 = Release|ARM
		{3FB04D0C-D2BC-49FF-BAE3-E5C92BCD67EB}.Ad-Hoc|ARM.Deploy.0 = Release|ARM
		{3FB04D0C-D2BC-49FF-BAE3-E5C92BCD67EB}.Ad-Hoc|iPhone.ActiveCfg = Release|Any CPU
		{3FB04D0C-D2BC-49FF-BAE3-E5C92BCD67EB}.Ad-Hoc|iPhone.Build.0 = Release|Any CPU
		{3FB04D0C-D2BC-49FF-BAE3-E5C92BCD67EB}.Ad-Hoc|iPhone.Deploy.0 = Release|Any CPU
		{3FB04D0C-D2BC-49FF-BAE3-E5C92BCD67EB}.Ad-Hoc|iPhoneSimulator.ActiveCfg = Release|Any CPU
		{3FB04D0C-D2BC-49FF-BAE3-E5C92BCD67EB}.Ad-Hoc|iPhoneSimulator.Build.0 = Release|Any CPU
		{3FB04D0C-D2BC-49FF-BAE3-E5C92BCD67EB}.Ad-Hoc|iPhoneSimulator.Deploy.0 = Release|Any CPU
		{3FB04D0C-D2BC-49FF-BAE3-E5C92BCD67EB}.Ad-Hoc|x86.ActiveCfg = Release|x86
		{3FB04D0C-D2BC-49FF-BAE3-E5C92BCD67EB}.Ad-Hoc|x86.Build.0 = Release|x86
		{3FB04D0C-D2BC-49FF-BAE3-E5C92BCD67EB}.Ad-Hoc|x86.Deploy.0 = Release|x86
		{3FB04D0C-D2BC-49FF-BAE3-E5C92BCD67EB}.AppStore|Any CPU.ActiveCfg = Release|Any CPU
		{3FB04D0C-D2BC-49FF-BAE3-E5C92BCD67EB}.AppStore|Any CPU.Build.0 = Release|Any CPU
		{3FB04D0C-D2BC-49FF-BAE3-E5C92BCD67EB}.AppStore|Any CPU.Deploy.0 = Release|Any CPU
		{3FB04D0C-D2BC-49FF-BAE3-E5C92BCD67EB}.AppStore|ARM.ActiveCfg = Release|ARM
		{3FB04D0C-D2BC-49FF-BAE3-E5C92BCD67EB}.AppStore|ARM.Build.0 = Release|ARM
		{3FB04D0C-D2BC-49FF-BAE3-E5C92BCD67EB}.AppStore|ARM.Deploy.0 = Release|ARM
		{3FB04D0C-D2BC-49FF-BAE3-E5C92BCD67EB}.AppStore|iPhone.ActiveCfg = Release|Any CPU
		{3FB04D0C-D2BC-49FF-BAE3-E5C92BCD67EB}.AppStore|iPhone.Build.0 = Release|Any CPU
		{3FB04D0C-D2BC-49FF-BAE3-E5C92BCD67EB}.AppStore|iPhone.Deploy.0 = Release|Any CPU
		{3FB04D0C-D2BC-49FF-BAE3-E5C92BCD67EB}.AppStore|iPhoneSimulator.ActiveCfg = Release|Any CPU
		{3FB04D0C-D2BC-49FF-BAE3-E5C92BCD67EB}.AppStore|iPhoneSimulator.Build.0 = Release|Any CPU
		{3FB04D0C-D2BC-49FF-BAE3-E5C92BCD67EB}.AppStore|iPhoneSimulator.Deploy.0 = Release|Any CPU
		{3FB04D0C-D2BC-49FF-BAE3-E5C92BCD67EB}.AppStore|x86.ActiveCfg = Release|x86
		{3FB04D0C-D2BC-49FF-BAE3-E5C92BCD67EB}.AppStore|x86.Build.0 = Release|x86
		{3FB04D0C-D2BC-49FF-BAE3-E5C92BCD67EB}.AppStore|x86.Deploy.0 = Release|x86
		{3FB04D0C-D2BC-49FF-BAE3-E5C92BCD67EB}.Debug|Any CPU.ActiveCfg = Debug|Any CPU
		{3FB04D0C-D2BC-49FF-BAE3-E5C92BCD67EB}.Debug|Any CPU.Build.0 = Debug|Any CPU
		{3FB04D0C-D2BC-49FF-BAE3-E5C92BCD67EB}.Debug|Any CPU.Deploy.0 = Debug|Any CPU
		{3FB04D0C-D2BC-49FF-BAE3-E5C92BCD67EB}.Debug|ARM.ActiveCfg = Debug|ARM
		{3FB04D0C-D2BC-49FF-BAE3-E5C92BCD67EB}.Debug|ARM.Build.0 = Debug|ARM
		{3FB04D0C-D2BC-49FF-BAE3-E5C92BCD67EB}.Debug|ARM.Deploy.0 = Debug|ARM
		{3FB04D0C-D2BC-49FF-BAE3-E5C92BCD67EB}.Debug|iPhone.ActiveCfg = Debug|Any CPU
		{3FB04D0C-D2BC-49FF-BAE3-E5C92BCD67EB}.Debug|iPhone.Build.0 = Debug|Any CPU
		{3FB04D0C-D2BC-49FF-BAE3-E5C92BCD67EB}.Debug|iPhone.Deploy.0 = Debug|Any CPU
		{3FB04D0C-D2BC-49FF-BAE3-E5C92BCD67EB}.Debug|iPhoneSimulator.ActiveCfg = Debug|Any CPU
		{3FB04D0C-D2BC-49FF-BAE3-E5C92BCD67EB}.Debug|iPhoneSimulator.Build.0 = Debug|Any CPU
		{3FB04D0C-D2BC-49FF-BAE3-E5C92BCD67EB}.Debug|iPhoneSimulator.Deploy.0 = Debug|Any CPU
		{3FB04D0C-D2BC-49FF-BAE3-E5C92BCD67EB}.Debug|x86.ActiveCfg = Debug|x86
		{3FB04D0C-D2BC-49FF-BAE3-E5C92BCD67EB}.Debug|x86.Build.0 = Debug|x86
		{3FB04D0C-D2BC-49FF-BAE3-E5C92BCD67EB}.Debug|x86.Deploy.0 = Debug|x86
		{3FB04D0C-D2BC-49FF-BAE3-E5C92BCD67EB}.Release|Any CPU.ActiveCfg = Release|Any CPU
		{3FB04D0C-D2BC-49FF-BAE3-E5C92BCD67EB}.Release|Any CPU.Build.0 = Release|Any CPU
		{3FB04D0C-D2BC-49FF-BAE3-E5C92BCD67EB}.Release|Any CPU.Deploy.0 = Release|Any CPU
		{3FB04D0C-D2BC-49FF-BAE3-E5C92BCD67EB}.Release|ARM.ActiveCfg = Release|ARM
		{3FB04D0C-D2BC-49FF-BAE3-E5C92BCD67EB}.Release|ARM.Build.0 = Release|ARM
		{3FB04D0C-D2BC-49FF-BAE3-E5C92BCD67EB}.Release|ARM.Deploy.0 = Release|ARM
		{3FB04D0C-D2BC-49FF-BAE3-E5C92BCD67EB}.Release|iPhone.ActiveCfg = Release|Any CPU
		{3FB04D0C-D2BC-49FF-BAE3-E5C92BCD67EB}.Release|iPhone.Build.0 = Release|Any CPU
		{3FB04D0C-D2BC-49FF-BAE3-E5C92BCD67EB}.Release|iPhone.Deploy.0 = Release|Any CPU
		{3FB04D0C-D2BC-49FF-BAE3-E5C92BCD67EB}.Release|iPhoneSimulator.ActiveCfg = Release|Any CPU
		{3FB04D0C-D2BC-49FF-BAE3-E5C92BCD67EB}.Release|iPhoneSimulator.Build.0 = Release|Any CPU
		{3FB04D0C-D2BC-49FF-BAE3-E5C92BCD67EB}.Release|iPhoneSimulator.Deploy.0 = Release|Any CPU
		{3FB04D0C-D2BC-49FF-BAE3-E5C92BCD67EB}.Release|x86.ActiveCfg = Release|x86
		{3FB04D0C-D2BC-49FF-BAE3-E5C92BCD67EB}.Release|x86.Build.0 = Release|x86
		{3FB04D0C-D2BC-49FF-BAE3-E5C92BCD67EB}.Release|x86.Deploy.0 = Release|x86
		{0B231CC2-6D17-41D0-BB55-D9578D9482EB}.Ad-Hoc|Any CPU.ActiveCfg = Ad-Hoc|iPhone
		{0B231CC2-6D17-41D0-BB55-D9578D9482EB}.Ad-Hoc|ARM.ActiveCfg = Ad-Hoc|iPhone
		{0B231CC2-6D17-41D0-BB55-D9578D9482EB}.Ad-Hoc|iPhone.ActiveCfg = Ad-Hoc|iPhone
		{0B231CC2-6D17-41D0-BB55-D9578D9482EB}.Ad-Hoc|iPhone.Build.0 = Ad-Hoc|iPhone
		{0B231CC2-6D17-41D0-BB55-D9578D9482EB}.Ad-Hoc|iPhoneSimulator.ActiveCfg = Ad-Hoc|iPhoneSimulator
		{0B231CC2-6D17-41D0-BB55-D9578D9482EB}.Ad-Hoc|iPhoneSimulator.Build.0 = Ad-Hoc|iPhoneSimulator
		{0B231CC2-6D17-41D0-BB55-D9578D9482EB}.Ad-Hoc|x86.ActiveCfg = Ad-Hoc|iPhone
		{0B231CC2-6D17-41D0-BB55-D9578D9482EB}.AppStore|Any CPU.ActiveCfg = AppStore|iPhone
		{0B231CC2-6D17-41D0-BB55-D9578D9482EB}.AppStore|ARM.ActiveCfg = AppStore|iPhone
		{0B231CC2-6D17-41D0-BB55-D9578D9482EB}.AppStore|iPhone.ActiveCfg = AppStore|iPhone
		{0B231CC2-6D17-41D0-BB55-D9578D9482EB}.AppStore|iPhone.Build.0 = AppStore|iPhone
		{0B231CC2-6D17-41D0-BB55-D9578D9482EB}.AppStore|iPhoneSimulator.ActiveCfg = AppStore|iPhoneSimulator
		{0B231CC2-6D17-41D0-BB55-D9578D9482EB}.AppStore|iPhoneSimulator.Build.0 = AppStore|iPhoneSimulator
		{0B231CC2-6D17-41D0-BB55-D9578D9482EB}.AppStore|x86.ActiveCfg = AppStore|iPhone
		{0B231CC2-6D17-41D0-BB55-D9578D9482EB}.Debug|Any CPU.ActiveCfg = Debug|iPhone
		{0B231CC2-6D17-41D0-BB55-D9578D9482EB}.Debug|ARM.ActiveCfg = Debug|iPhone
		{0B231CC2-6D17-41D0-BB55-D9578D9482EB}.Debug|iPhone.ActiveCfg = Debug|iPhone
		{0B231CC2-6D17-41D0-BB55-D9578D9482EB}.Debug|iPhone.Build.0 = Debug|iPhone
		{0B231CC2-6D17-41D0-BB55-D9578D9482EB}.Debug|iPhoneSimulator.ActiveCfg = Debug|iPhoneSimulator
		{0B231CC2-6D17-41D0-BB55-D9578D9482EB}.Debug|iPhoneSimulator.Build.0 = Debug|iPhoneSimulator
		{0B231CC2-6D17-41D0-BB55-D9578D9482EB}.Debug|x86.ActiveCfg = Debug|iPhone
		{0B231CC2-6D17-41D0-BB55-D9578D9482EB}.Release|Any CPU.ActiveCfg = Release|iPhone
		{0B231CC2-6D17-41D0-BB55-D9578D9482EB}.Release|ARM.ActiveCfg = Release|iPhone
		{0B231CC2-6D17-41D0-BB55-D9578D9482EB}.Release|iPhone.ActiveCfg = Release|iPhone
		{0B231CC2-6D17-41D0-BB55-D9578D9482EB}.Release|iPhone.Build.0 = Release|iPhone
		{0B231CC2-6D17-41D0-BB55-D9578D9482EB}.Release|iPhoneSimulator.ActiveCfg = Release|iPhoneSimulator
		{0B231CC2-6D17-41D0-BB55-D9578D9482EB}.Release|iPhoneSimulator.Build.0 = Release|iPhoneSimulator
		{0B231CC2-6D17-41D0-BB55-D9578D9482EB}.Release|x86.ActiveCfg = Release|iPhone
		{35F968BE-9BDA-4F59-9AA6-6752BB976A22}.Ad-Hoc|Any CPU.ActiveCfg = Release|Any CPU
		{35F968BE-9BDA-4F59-9AA6-6752BB976A22}.Ad-Hoc|Any CPU.Build.0 = Release|Any CPU
		{35F968BE-9BDA-4F59-9AA6-6752BB976A22}.Ad-Hoc|Any CPU.Deploy.0 = Release|Any CPU
		{35F968BE-9BDA-4F59-9AA6-6752BB976A22}.Ad-Hoc|ARM.ActiveCfg = Release|Any CPU
		{35F968BE-9BDA-4F59-9AA6-6752BB976A22}.Ad-Hoc|ARM.Build.0 = Release|Any CPU
		{35F968BE-9BDA-4F59-9AA6-6752BB976A22}.Ad-Hoc|ARM.Deploy.0 = Release|Any CPU
		{35F968BE-9BDA-4F59-9AA6-6752BB976A22}.Ad-Hoc|iPhone.ActiveCfg = Release|Any CPU
		{35F968BE-9BDA-4F59-9AA6-6752BB976A22}.Ad-Hoc|iPhone.Build.0 = Release|Any CPU
		{35F968BE-9BDA-4F59-9AA6-6752BB976A22}.Ad-Hoc|iPhone.Deploy.0 = Release|Any CPU
		{35F968BE-9BDA-4F59-9AA6-6752BB976A22}.Ad-Hoc|iPhoneSimulator.ActiveCfg = Release|Any CPU
		{35F968BE-9BDA-4F59-9AA6-6752BB976A22}.Ad-Hoc|iPhoneSimulator.Build.0 = Release|Any CPU
		{35F968BE-9BDA-4F59-9AA6-6752BB976A22}.Ad-Hoc|iPhoneSimulator.Deploy.0 = Release|Any CPU
		{35F968BE-9BDA-4F59-9AA6-6752BB976A22}.Ad-Hoc|x86.ActiveCfg = Release|Any CPU
		{35F968BE-9BDA-4F59-9AA6-6752BB976A22}.Ad-Hoc|x86.Build.0 = Release|Any CPU
		{35F968BE-9BDA-4F59-9AA6-6752BB976A22}.Ad-Hoc|x86.Deploy.0 = Release|Any CPU
		{35F968BE-9BDA-4F59-9AA6-6752BB976A22}.AppStore|Any CPU.ActiveCfg = Release|Any CPU
		{35F968BE-9BDA-4F59-9AA6-6752BB976A22}.AppStore|Any CPU.Build.0 = Release|Any CPU
		{35F968BE-9BDA-4F59-9AA6-6752BB976A22}.AppStore|Any CPU.Deploy.0 = Release|Any CPU
		{35F968BE-9BDA-4F59-9AA6-6752BB976A22}.AppStore|ARM.ActiveCfg = Release|Any CPU
		{35F968BE-9BDA-4F59-9AA6-6752BB976A22}.AppStore|ARM.Build.0 = Release|Any CPU
		{35F968BE-9BDA-4F59-9AA6-6752BB976A22}.AppStore|ARM.Deploy.0 = Release|Any CPU
		{35F968BE-9BDA-4F59-9AA6-6752BB976A22}.AppStore|iPhone.ActiveCfg = Release|Any CPU
		{35F968BE-9BDA-4F59-9AA6-6752BB976A22}.AppStore|iPhone.Build.0 = Release|Any CPU
		{35F968BE-9BDA-4F59-9AA6-6752BB976A22}.AppStore|iPhone.Deploy.0 = Release|Any CPU
		{35F968BE-9BDA-4F59-9AA6-6752BB976A22}.AppStore|iPhoneSimulator.ActiveCfg = Release|Any CPU
		{35F968BE-9BDA-4F59-9AA6-6752BB976A22}.AppStore|iPhoneSimulator.Build.0 = Release|Any CPU
		{35F968BE-9BDA-4F59-9AA6-6752BB976A22}.AppStore|iPhoneSimulator.Deploy.0 = Release|Any CPU
		{35F968BE-9BDA-4F59-9AA6-6752BB976A22}.AppStore|x86.ActiveCfg = Release|Any CPU
		{35F968BE-9BDA-4F59-9AA6-6752BB976A22}.AppStore|x86.Build.0 = Release|Any CPU
		{35F968BE-9BDA-4F59-9AA6-6752BB976A22}.AppStore|x86.Deploy.0 = Release|Any CPU
		{35F968BE-9BDA-4F59-9AA6-6752BB976A22}.Debug|Any CPU.ActiveCfg = Debug|Any CPU
		{35F968BE-9BDA-4F59-9AA6-6752BB976A22}.Debug|Any CPU.Build.0 = Debug|Any CPU
		{35F968BE-9BDA-4F59-9AA6-6752BB976A22}.Debug|Any CPU.Deploy.0 = Debug|Any CPU
		{35F968BE-9BDA-4F59-9AA6-6752BB976A22}.Debug|ARM.ActiveCfg = Debug|Any CPU
		{35F968BE-9BDA-4F59-9AA6-6752BB976A22}.Debug|ARM.Build.0 = Debug|Any CPU
		{35F968BE-9BDA-4F59-9AA6-6752BB976A22}.Debug|ARM.Deploy.0 = Debug|Any CPU
		{35F968BE-9BDA-4F59-9AA6-6752BB976A22}.Debug|iPhone.ActiveCfg = Debug|Any CPU
		{35F968BE-9BDA-4F59-9AA6-6752BB976A22}.Debug|iPhone.Build.0 = Debug|Any CPU
		{35F968BE-9BDA-4F59-9AA6-6752BB976A22}.Debug|iPhone.Deploy.0 = Debug|Any CPU
		{35F968BE-9BDA-4F59-9AA6-6752BB976A22}.Debug|iPhoneSimulator.ActiveCfg = Debug|Any CPU
		{35F968BE-9BDA-4F59-9AA6-6752BB976A22}.Debug|iPhoneSimulator.Build.0 = Debug|Any CPU
		{35F968BE-9BDA-4F59-9AA6-6752BB976A22}.Debug|iPhoneSimulator.Deploy.0 = Debug|Any CPU
		{35F968BE-9BDA-4F59-9AA6-6752BB976A22}.Debug|x86.ActiveCfg = Debug|Any CPU
		{35F968BE-9BDA-4F59-9AA6-6752BB976A22}.Debug|x86.Build.0 = Debug|Any CPU
		{35F968BE-9BDA-4F59-9AA6-6752BB976A22}.Debug|x86.Deploy.0 = Debug|Any CPU
		{35F968BE-9BDA-4F59-9AA6-6752BB976A22}.Release|Any CPU.ActiveCfg = Release|Any CPU
		{35F968BE-9BDA-4F59-9AA6-6752BB976A22}.Release|Any CPU.Build.0 = Release|Any CPU
		{35F968BE-9BDA-4F59-9AA6-6752BB976A22}.Release|Any CPU.Deploy.0 = Release|Any CPU
		{35F968BE-9BDA-4F59-9AA6-6752BB976A22}.Release|ARM.ActiveCfg = Release|Any CPU
		{35F968BE-9BDA-4F59-9AA6-6752BB976A22}.Release|ARM.Build.0 = Release|Any CPU
		{35F968BE-9BDA-4F59-9AA6-6752BB976A22}.Release|ARM.Deploy.0 = Release|Any CPU
		{35F968BE-9BDA-4F59-9AA6-6752BB976A22}.Release|iPhone.ActiveCfg = Release|Any CPU
		{35F968BE-9BDA-4F59-9AA6-6752BB976A22}.Release|iPhone.Build.0 = Release|Any CPU
		{35F968BE-9BDA-4F59-9AA6-6752BB976A22}.Release|iPhone.Deploy.0 = Release|Any CPU
		{35F968BE-9BDA-4F59-9AA6-6752BB976A22}.Release|iPhoneSimulator.ActiveCfg = Release|Any CPU
		{35F968BE-9BDA-4F59-9AA6-6752BB976A22}.Release|iPhoneSimulator.Build.0 = Release|Any CPU
		{35F968BE-9BDA-4F59-9AA6-6752BB976A22}.Release|iPhoneSimulator.Deploy.0 = Release|Any CPU
		{35F968BE-9BDA-4F59-9AA6-6752BB976A22}.Release|x86.ActiveCfg = Release|Any CPU
		{35F968BE-9BDA-4F59-9AA6-6752BB976A22}.Release|x86.Build.0 = Release|Any CPU
		{35F968BE-9BDA-4F59-9AA6-6752BB976A22}.Release|x86.Deploy.0 = Release|Any CPU
	EndGlobalSection
	GlobalSection(SolutionProperties) = preSolution
		HideSolutionNode = FALSE
	EndGlobalSection
EndGlobal
